
Microsoft Visual Studio Solution File, Format Version 12.00
# Visual Studio Version 17
VisualStudioVersion = 17.4.33122.133
MinimumVisualStudioVersion = 10.0.40219.1
Project("{FAE04EC0-301F-11D3-BF4B-00C04F79EFBC}") = "PoC", "PoC\PoC.csproj", "{E405A10B-5B2B-4810-94D2-83B15451C38C}"
EndProject
Global
	GlobalSection(SolutionConfigurationPlatforms) = preSolution
		Debug|Any CPU = Debug|Any CPU
		Release|Any CPU = Release|Any CPU
	EndGlobalSection
	GlobalSection(ProjectConfigurationPlatforms) = postSolution
		{E405A10B-5B2B-4810-94D2-83B15451C38C}.Debug|Any CPU.ActiveCfg = Debug|Any CPU
		{E405A10B-5B2B-4810-94D2-83B15451C38C}.Debug|Any CPU.Build.0 = Debug|Any CPU
		{E405A10B-5B2B-4810-94D2-83B15451C38C}.Release|Any CPU.ActiveCfg = Release|Any CPU
		{E405A10B-5B2B-4810-94D2-83B15451C38C}.Release|Any CPU.Build.0 = Release|Any CPU
	EndGlobalSection
	GlobalSection(SolutionProperties) = preSolution
		HideSolutionNode = FALSE
	EndGlobalSection
	GlobalSection(ExtensibilityGlobals) = postSolution
		SolutionGuid = {C4E0F7CE-1F23-4BD9-A213-ACE92F3B49E9}
	EndGlobalSection
EndGlobal
